
Microsoft Visual Studio Solution File, Format Version 12.00
# Visual Studio Version 16
VisualStudioVersion = 16.0.32802.440
MinimumVisualStudioVersion = 10.0.40219.1
Project("{9A19103F-16F7-4668-BE54-9A1E7A4F7556}") = "IdentityServer.AuthServer", "IdentityServer.AuthServer\IdentityServer.AuthServer.csproj", "{1E8087FC-E689-4285-A2AD-FDFA1E070C5A}"
EndProject
Project("{9A19103F-16F7-4668-BE54-9A1E7A4F7556}") = "IdentityServer.Client1", "IdentityServer.Client1\IdentityServer.Client1.csproj", "{2337ACBB-D180-46D7-9C50-3DCADB25B1DC}"
EndProject
Project("{9A19103F-16F7-4668-BE54-9A1E7A4F7556}") = "IdentityServer.Client2", "IdentityServer.Client2\IdentityServer.Client2.csproj", "{F7B6663B-8582-4789-884A-B9AA74113F6D}"
EndProject
Project("{9A19103F-16F7-4668-BE54-9A1E7A4F7556}") = "IdentityServer.API1", "IdentityServer.API1\IdentityServer.API1.csproj", "{8ED757D5-9DB9-4944-A3DD-9996F86D9248}"
EndProject
Project("{9A19103F-16F7-4668-BE54-9A1E7A4F7556}") = "IdentityServer.API2", "IdentityServer.API2\IdentityServer.API2.csproj", "{F645032F-9CDD-4147-BF97-80EA5E06A797}"
EndProject
Project("{2150E333-8FDC-42A3-9474-1A3956D46DE8}") = "Solution Items", "Solution Items", "{0E4FADB6-A132-41C2-B889-2632D9CD60D1}"
	ProjectSection(SolutionItems) = preProject
		Ports.txt = Ports.txt
	EndProjectSection
EndProject
Project("{9A19103F-16F7-4668-BE54-9A1E7A4F7556}") = "IdentityServer.AuthServer-IdentityAPI", "IdentityServer.AuthServer-IdentityAPI\IdentityServer.AuthServer-IdentityAPI.csproj", "{9D2572A6-AB52-4935-B409-145B256AF245}"
EndProject
Global
	GlobalSection(SolutionConfigurationPlatforms) = preSolution
		Debug|Any CPU = Debug|Any CPU
		Release|Any CPU = Release|Any CPU
	EndGlobalSection
	GlobalSection(ProjectConfigurationPlatforms) = postSolution
		{1E8087FC-E689-4285-A2AD-FDFA1E070C5A}.Debug|Any CPU.ActiveCfg = Debug|Any CPU
		{1E8087FC-E689-4285-A2AD-FDFA1E070C5A}.Debug|Any CPU.Build.0 = Debug|Any CPU
		{1E8087FC-E689-4285-A2AD-FDFA1E070C5A}.Release|Any CPU.ActiveCfg = Release|Any CPU
		{1E8087FC-E689-4285-A2AD-FDFA1E070C5A}.Release|Any CPU.Build.0 = Release|Any CPU
		{2337ACBB-D180-46D7-9C50-3DCADB25B1DC}.Debug|Any CPU.ActiveCfg = Debug|Any CPU
		{2337ACBB-D180-46D7-9C50-3DCADB25B1DC}.Debug|Any CPU.Build.0 = Debug|Any CPU
		{2337ACBB-D180-46D7-9C50-3DCADB25B1DC}.Release|Any CPU.ActiveCfg = Release|Any CPU
		{2337ACBB-D180-46D7-9C50-3DCADB25B1DC}.Release|Any CPU.Build.0 = Release|Any CPU
		{F7B6663B-8582-4789-884A-B9AA74113F6D}.Debug|Any CPU.ActiveCfg = Debug|Any CPU
		{F7B6663B-8582-4789-884A-B9AA74113F6D}.Debug|Any CPU.Build.0 = Debug|Any CPU
		{F7B6663B-8582-4789-884A-B9AA74113F6D}.Release|Any CPU.ActiveCfg = Release|Any CPU
		{F7B6663B-8582-4789-884A-B9AA74113F6D}.Release|Any CPU.Build.0 = Release|Any CPU
		{8ED757D5-9DB9-4944-A3DD-9996F86D9248}.Debug|Any CPU.ActiveCfg = Debug|Any CPU
		{8ED757D5-9DB9-4944-A3DD-9996F86D9248}.Debug|Any CPU.Build.0 = Debug|Any CPU
		{8ED757D5-9DB9-4944-A3DD-9996F86D9248}.Release|Any CPU.ActiveCfg = Release|Any CPU
		{8ED757D5-9DB9-4944-A3DD-9996F86D9248}.Release|Any CPU.Build.0 = Release|Any CPU
		{F645032F-9CDD-4147-BF97-80EA5E06A797}.Debug|Any CPU.ActiveCfg = Debug|Any CPU
		{F645032F-9CDD-4147-BF97-80EA5E06A797}.Debug|Any CPU.Build.0 = Debug|Any CPU
		{F645032F-9CDD-4147-BF97-80EA5E06A797}.Release|Any CPU.ActiveCfg = Release|Any CPU
		{F645032F-9CDD-4147-BF97-80EA5E06A797}.Release|Any CPU.Build.0 = Release|Any CPU
		{9D2572A6-AB52-4935-B409-145B256AF245}.Debug|Any CPU.ActiveCfg = Debug|Any CPU
		{9D2572A6-AB52-4935-B409-145B256AF245}.Debug|Any CPU.Build.0 = Debug|Any CPU
		{9D2572A6-AB52-4935-B409-145B256AF245}.Release|Any CPU.ActiveCfg = Release|Any CPU
		{9D2572A6-AB52-4935-B409-145B256AF245}.Release|Any CPU.Build.0 = Release|Any CPU
	EndGlobalSection
	GlobalSection(SolutionProperties) = preSolution
		HideSolutionNode = FALSE
	EndGlobalSection
	GlobalSection(ExtensibilityGlobals) = postSolution
		SolutionGuid = {278E6FAD-EE4C-455A-8D51-D2DF3B86698C}
	EndGlobalSection
EndGlobal
